{
  "requires": true,
  "lockfileVersion": 1,
  "dependencies": {
    "@emailjs/browser": {
      "version": "3.3.1",
      "resolved": "https://registry.npmjs.org/@emailjs/browser/-/browser-3.3.1.tgz",
      "integrity": "sha512-hFoz5GHlaR7Wh/C6XaoZflX3UH3/Evev3y00S3jgLROMwKV+/Yu41muIpB5f755XGDnK7LT++KdMO6MOa2cAOQ=="
    },
    "emailjs-com": {
      "version": "3.2.0",
      "resolved": "https://registry.npmjs.org/emailjs-com/-/emailjs-com-3.2.0.tgz",
      "integrity": "sha512-Prbz3E1usiAwGjMNYRv6EsJ5c373cX7/AGnZQwOfrpNJrygQJ15+E9OOq4pU8yC977Z5xMetRfc3WmDX6RcjAA=="
    },
    "node": {
      "version": "17.3.0",
      "resolved": "https://registry.npmjs.org/node/-/node-17.3.0.tgz",
      "integrity": "sha512-Qftg93Mt+OkF0zmCELRFtBvpC7tian7sNg+I1vE97Mn6wV5gPj+jsii0B1K3NNqYgJac8Em50QZMbU8p/M9mCQ==",
      "requires": {
        "node-bin-setup": "^1.0.0"
      }
    },
    "node-bin-setup": {
      "version": "1.0.6",
      "resolved": "https://registry.npmjs.org/node-bin-setup/-/node-bin-setup-1.0.6.tgz",
      "integrity": "sha512-uPIxXNis1CRbv1DwqAxkgBk5NFV3s7cMN/Gf556jSw6jBvV7ca4F9lRL/8cALcZecRibeqU+5dFYqFFmzv5a0Q=="
    }
  }
}
